// !$*UTF8*$!
{
	archiveVersion = 1;
	classes = {
	};
	objectVersion = 56;
	objects = {

/* Begin PBXBuildFile section */
		671F7F832C968DAF00498FCE /* LocationsViewModel.swift in Sources */ = {isa = PBXBuildFile; fileRef = 671F7F822C968DAF00498FCE /* LocationsViewModel.swift */; };
		671F7F852C9759D600498FCE /* LocationListView.swift in Sources */ = {isa = PBXBuildFile; fileRef = 671F7F842C9759D600498FCE /* LocationListView.swift */; };
		674D849B2CBD885D001DA60B /* LocationPreviewView.swift in Sources */ = {isa = PBXBuildFile; fileRef = 674D849A2CBD885D001DA60B /* LocationPreviewView.swift */; };
		676EFCC32C824A9B00D3FFF7 /* MapAppApp.swift in Sources */ = {isa = PBXBuildFile; fileRef = 676EFCC22C824A9B00D3FFF7 /* MapAppApp.swift */; };
		676EFCC52C824A9B00D3FFF7 /* ContentView.swift in Sources */ = {isa = PBXBuildFile; fileRef = 676EFCC42C824A9B00D3FFF7 /* ContentView.swift */; };
		676EFCCA2C824A9F00D3FFF7 /* Preview Assets.xcassets in Resources */ = {isa = PBXBuildFile; fileRef = 676EFCC92C824A9F00D3FFF7 /* Preview Assets.xcassets */; };
		676EFCD12C824B8800D3FFF7 /* Assets.xcassets in Resources */ = {isa = PBXBuildFile; fileRef = 676EFCD02C824B8800D3FFF7 /* Assets.xcassets */; };
		676EFCD72C824D2C00D3FFF7 /* Location.swift in Sources */ = {isa = PBXBuildFile; fileRef = 676EFCD62C824D2C00D3FFF7 /* Location.swift */; };
		676EFCDA2C824F5200D3FFF7 /* LocationsDataService.swift in Sources */ = {isa = PBXBuildFile; fileRef = 676EFCD92C824F5200D3FFF7 /* LocationsDataService.swift */; };
		676EFCDC2C82511800D3FFF7 /* LocationView.swift in Sources */ = {isa = PBXBuildFile; fileRef = 676EFCDB2C82511800D3FFF7 /* LocationView.swift */; };
/* End PBXBuildFile section */

/* Begin PBXFileReference section */
		671F7F822C968DAF00498FCE /* LocationsViewModel.swift */ = {isa = PBXFileReference; lastKnownFileType = sourcecode.swift; path = LocationsViewModel.swift; sourceTree = "<group>"; };
		671F7F842C9759D600498FCE /* LocationListView.swift */ = {isa = PBXFileReference; lastKnownFileType = sourcecode.swift; path = LocationListView.swift; sourceTree = "<group>"; };
		674D849A2CBD885D001DA60B /* LocationPreviewView.swift */ = {isa = PBXFileReference; lastKnownFileType = sourcecode.swift; path = LocationPreviewView.swift; sourceTree = "<group>"; };
		676EFCBF2C824A9B00D3FFF7 /* MapApp.app */ = {isa = PBXFileReference; explicitFileType = wrapper.application; includeInIndex = 0; path = MapApp.app; sourceTree = BUILT_PRODUCTS_DIR; };
		676EFCC22C824A9B00D3FFF7 /* MapAppApp.swift */ = {isa = PBXFileReference; lastKnownFileType = sourcecode.swift; path = MapAppApp.swift; sourceTree = "<group>"; };
		676EFCC42C824A9B00D3FFF7 /* ContentView.swift */ = {isa = PBXFileReference; lastKnownFileType = sourcecode.swift; path = ContentView.swift; sourceTree = "<group>"; };
		676EFCC92C824A9F00D3FFF7 /* Preview Assets.xcassets */ = {isa = PBXFileReference; lastKnownFileType = folder.assetcatalog; path = "Preview Assets.xcassets"; sourceTree = "<group>"; };
		676EFCD02C824B8800D3FFF7 /* Assets.xcassets */ = {isa = PBXFileReference; lastKnownFileType = folder.assetcatalog; path = Assets.xcassets; sourceTree = "<group>"; };
		676EFCD62C824D2C00D3FFF7 /* Location.swift */ = {isa = PBXFileReference; lastKnownFileType = sourcecode.swift; path = Location.swift; sourceTree = "<group>"; };
		676EFCD92C824F5200D3FFF7 /* LocationsDataService.swift */ = {isa = PBXFileReference; fileEncoding = 4; lastKnownFileType = sourcecode.swift; path = LocationsDataService.swift; sourceTree = "<group>"; };
		676EFCDB2C82511800D3FFF7 /* LocationView.swift */ = {isa = PBXFileReference; lastKnownFileType = sourcecode.swift; path = LocationView.swift; sourceTree = "<group>"; };
/* End PBXFileReference section */

/* Begin PBXFrameworksBuildPhase section */
		676EFCBC2C824A9B00D3FFF7 /* Frameworks */ = {
			isa = PBXFrameworksBuildPhase;
			buildActionMask = 2147483647;
			files = (
			);
			runOnlyForDeploymentPostprocessing = 0;
		};
/* End PBXFrameworksBuildPhase section */

/* Begin PBXGroup section */
		676EFCB62C824A9B00D3FFF7 = {
			isa = PBXGroup;
			children = (
				676EFCC12C824A9B00D3FFF7 /* MapApp */,
				676EFCC02C824A9B00D3FFF7 /* Products */,
			);
			sourceTree = "<group>";
		};
		676EFCC02C824A9B00D3FFF7 /* Products */ = {
			isa = PBXGroup;
			children = (
				676EFCBF2C824A9B00D3FFF7 /* MapApp.app */,
			);
			name = Products;
			sourceTree = "<group>";
		};
		676EFCC12C824A9B00D3FFF7 /* MapApp */ = {
			isa = PBXGroup;
			children = (
				676EFCC22C824A9B00D3FFF7 /* MapAppApp.swift */,
				676EFCC42C824A9B00D3FFF7 /* ContentView.swift */,
				676EFCD82C824F2900D3FFF7 /* DataServices */,
				676EFCD32C824C6600D3FFF7 /* Views */,
				676EFCD42C824C7000D3FFF7 /* ViewModels */,
				676EFCD52C824CCB00D3FFF7 /* Models */,
				676EFCD02C824B8800D3FFF7 /* Assets.xcassets */,
				676EFCC82C824A9F00D3FFF7 /* Preview Content */,
			);
			path = MapApp;
			sourceTree = "<group>";
		};
		676EFCC82C824A9F00D3FFF7 /* Preview Content */ = {
			isa = PBXGroup;
			children = (
				676EFCC92C824A9F00D3FFF7 /* Preview Assets.xcassets */,
			);
			path = "Preview Content";
			sourceTree = "<group>";
		};
		676EFCD32C824C6600D3FFF7 /* Views */ = {
			isa = PBXGroup;
			children = (
				676EFCDB2C82511800D3FFF7 /* LocationView.swift */,
				671F7F842C9759D600498FCE /* LocationListView.swift */,
				674D849A2CBD885D001DA60B /* LocationPreviewView.swift */,
			);
			path = Views;
			sourceTree = "<group>";
		};
		676EFCD42C824C7000D3FFF7 /* ViewModels */ = {
			isa = PBXGroup;
			children = (
				671F7F822C968DAF00498FCE /* LocationsViewModel.swift */,
			);
			path = ViewModels;
			sourceTree = "<group>";
		};
		676EFCD52C824CCB00D3FFF7 /* Models */ = {
			isa = PBXGroup;
			children = (
				676EFCD62C824D2C00D3FFF7 /* Location.swift */,
			);
			path = Models;
			sourceTree = "<group>";
		};
		676EFCD82C824F2900D3FFF7 /* DataServices */ = {
			isa = PBXGroup;
			children = (
				676EFCD92C824F5200D3FFF7 /* LocationsDataService.swift */,
			);
			path = DataServices;
			sourceTree = "<group>";
		};
/* End PBXGroup section */

/* Begin PBXNativeTarget section */
		676EFCBE2C824A9B00D3FFF7 /* MapApp */ = {
			isa = PBXNativeTarget;
			buildConfigurationList = 676EFCCD2C824A9F00D3FFF7 /* Build configuration list for PBXNativeTarget "MapApp" */;
			buildPhases = (
				676EFCBB2C824A9B00D3FFF7 /* Sources */,
				676EFCBC2C824A9B00D3FFF7 /* Frameworks */,
				676EFCBD2C824A9B00D3FFF7 /* Resources */,
			);
			buildRules = (
			);
			dependencies = (
			);
			name = MapApp;
			productName = MapApp;
			productReference = 676EFCBF2C824A9B00D3FFF7 /* MapApp.app */;
			productType = "com.apple.product-type.application";
		};
/* End PBXNativeTarget section */

/* Begin PBXProject section */
		676EFCB72C824A9B00D3FFF7 /* Project object */ = {
			isa = PBXProject;
			attributes = {
				BuildIndependentTargetsInParallel = 1;
				LastSwiftUpdateCheck = 1530;
				LastUpgradeCheck = 1530;
				TargetAttributes = {
					676EFCBE2C824A9B00D3FFF7 = {
						CreatedOnToolsVersion = 15.3;
					};
				};
			};
			buildConfigurationList = 676EFCBA2C824A9B00D3FFF7 /* Build configuration list for PBXProject "MapApp" */;
			compatibilityVersion = "Xcode 14.0";
			developmentRegion = en;
			hasScannedForEncodings = 0;
			knownRegions = (
				en,
				Base,
			);
			mainGroup = 676EFCB62C824A9B00D3FFF7;
			productRefGroup = 676EFCC02C824A9B00D3FFF7 /* Products */;
			projectDirPath = "";
			projectRoot = "";
			targets = (
				676EFCBE2C824A9B00D3FFF7 /* MapApp */,
			);
		};
/* End PBXProject section */

/* Begin PBXResourcesBuildPhase section */
		676EFCBD2C824A9B00D3FFF7 /* Resources */ = {
			isa = PBXResourcesBuildPhase;
			buildActionMask = 2147483647;
			files = (
				676EFCD12C824B8800D3FFF7 /* Assets.xcassets in Resources */,
				676EFCCA2C824A9F00D3FFF7 /* Preview Assets.xcassets in Resources */,
			);
			runOnlyForDeploymentPostprocessing = 0;
		};
/* End PBXResourcesBuildPhase section */

/* Begin PBXSourcesBuildPhase section */
		676EFCBB2C824A9B00D3FFF7 /* Sources */ = {
			isa = PBXSourcesBuildPhase;
			buildActionMask = 2147483647;
			files = (
				676EFCDA2C824F5200D3FFF7 /* LocationsDataService.swift in Sources */,
				671F7F832C968DAF00498FCE /* LocationsViewModel.swift in Sources */,
				674D849B2CBD885D001DA60B /* LocationPreviewView.swift in Sources */,
				676EFCC52C824A9B00D3FFF7 /* ContentView.swift in Sources */,
				676EFCDC2C82511800D3FFF7 /* LocationView.swift in Sources */,
				671F7F852C9759D600498FCE /* LocationListView.swift in Sources */,
				676EFCD72C824D2C00D3FFF7 /* Location.swift in Sources */,
				676EFCC32C824A9B00D3FFF7 /* MapAppApp.swift in Sources */,
			);
			runOnlyForDeploymentPostprocessing = 0;
		};
/* End PBXSourcesBuildPhase section */

/* Begin XCBuildConfiguration section */
		676EFCCB2C824A9F00D3FFF7 /* Debug */ = {
			isa = XCBuildConfiguration;
			buildSettings = {
				ALWAYS_SEARCH_USER_PATHS = NO;
				ASSETCATALOG_COMPILER_GENERATE_SWIFT_ASSET_SYMBOL_EXTENSIONS = YES;
				CLANG_ANALYZER_NONNULL = YES;
				CLANG_ANALYZER_NUMBER_OBJECT_CONVERSION = YES_AGGRESSIVE;
				CLANG_CXX_LANGUAGE_STANDARD = "gnu++20";
				CLANG_ENABLE_MODULES = YES;
				CLANG_ENABLE_OBJC_ARC = YES;
				CLANG_ENABLE_OBJC_WEAK = YES;
				CLANG_WARN_BLOCK_CAPTURE_AUTORELEASING = YES;
				CLANG_WARN_BOOL_CONVERSION = YES;
				CLANG_WARN_COMMA = YES;
				CLANG_WARN_CONSTANT_CONVERSION = YES;
				CLANG_WARN_DEPRECATED_OBJC_IMPLEMENTATIONS = YES;
				CLANG_WARN_DIRECT_OBJC_ISA_USAGE = YES_ERROR;
				CLANG_WARN_DOCUMENTATION_COMMENTS = YES;
				CLANG_WARN_EMPTY_BODY = YES;
				CLANG_WARN_ENUM_CONVERSION = YES;
				CLANG_WARN_INFINITE_RECURSION = YES;
				CLANG_WARN_INT_CONVERSION = YES;
				CLANG_WARN_NON_LITERAL_NULL_CONVERSION = YES;
				CLANG_WARN_OBJC_IMPLICIT_RETAIN_SELF = YES;
				CLANG_WARN_OBJC_LITERAL_CONVERSION = YES;
				CLANG_WARN_OBJC_ROOT_CLASS = YES_ERROR;
				CLANG_WARN_QUOTED_INCLUDE_IN_FRAMEWORK_HEADER = YES;
				CLANG_WARN_RANGE_LOOP_ANALYSIS = YES;
				CLANG_WARN_STRICT_PROTOTYPES = YES;
				CLANG_WARN_SUSPICIOUS_MOVE = YES;
				CLANG_WARN_UNGUARDED_AVAILABILITY = YES_AGGRESSIVE;
				CLANG_WARN_UNREACHABLE_CODE = YES;
				CLANG_WARN__DUPLICATE_METHOD_MATCH = YES;
				COPY_PHASE_STRIP = NO;
				DEBUG_INFORMATION_FORMAT = dwarf;
				ENABLE_STRICT_OBJC_MSGSEND = YES;
				ENABLE_TESTABILITY = YES;
				ENABLE_USER_SCRIPT_SANDBOXING = YES;
				GCC_C_LANGUAGE_STANDARD = gnu17;
				GCC_DYNAMIC_NO_PIC = NO;
				GCC_NO_COMMON_BLOCKS = YES;
				GCC_OPTIMIZATION_LEVEL = 0;
				GCC_PREPROCESSOR_DEFINITIONS = (
					"DEBUG=1",
					"$(inherited)",
				);
				GCC_WARN_64_TO_32_BIT_CONVERSION = YES;
				GCC_WARN_ABOUT_RETURN_TYPE = YES_ERROR;
				GCC_WARN_UNDECLARED_SELECTOR = YES;
				GCC_WARN_UNINITIALIZED_AUTOS = YES_AGGRESSIVE;
				GCC_WARN_UNUSED_FUNCTION = YES;
				GCC_WARN_UNUSED_VARIABLE = YES;
				IPHONEOS_DEPLOYMENT_TARGET = 17.4;
				LOCALIZATION_PREFERS_STRING_CATALOGS = YES;
				MTL_ENABLE_DEBUG_INFO = INCLUDE_SOURCE;
				MTL_FAST_MATH = YES;
				ONLY_ACTIVE_ARCH = YES;
				SDKROOT = iphoneos;
				SWIFT_ACTIVE_COMPILATION_CONDITIONS = "DEBUG $(inherited)";
				SWIFT_OPTIMIZATION_LEVEL = "-Onone";
			};
			name = Debug;
		};
		676EFCCC2C824A9F00D3FFF7 /* Release */ = {
			isa = XCBuildConfiguration;
			buildSettings = {
				ALWAYS_SEARCH_USER_PATHS = NO;
				ASSETCATALOG_COMPILER_GENERATE_SWIFT_ASSET_SYMBOL_EXTENSIONS = YES;
				CLANG_ANALYZER_NONNULL = YES;
				CLANG_ANALYZER_NUMBER_OBJECT_CONVERSION = YES_AGGRESSIVE;
				CLANG_CXX_LANGUAGE_STANDARD = "gnu++20";
				CLANG_ENABLE_MODULES = YES;
				CLANG_ENABLE_OBJC_ARC = YES;
				CLANG_ENABLE_OBJC_WEAK = YES;
				CLANG_WARN_BLOCK_CAPTURE_AUTORELEASING = YES;
				CLANG_WARN_BOOL_CONVERSION = YES;
				CLANG_WARN_COMMA = YES;
				CLANG_WARN_CONSTANT_CONVERSION = YES;
				CLANG_WARN_DEPRECATED_OBJC_IMPLEMENTATIONS = YES;
				CLANG_WARN_DIRECT_OBJC_ISA_USAGE = YES_ERROR;
				CLANG_WARN_DOCUMENTATION_COMMENTS = YES;
				CLANG_WARN_EMPTY_BODY = YES;
				CLANG_WARN_ENUM_CONVERSION = YES;
				CLANG_WARN_INFINITE_RECURSION = YES;
				CLANG_WARN_INT_CONVERSION = YES;
				CLANG_WARN_NON_LITERAL_NULL_CONVERSION = YES;
				CLANG_WARN_OBJC_IMPLICIT_RETAIN_SELF = YES;
				CLANG_WARN_OBJC_LITERAL_CONVERSION = YES;
				CLANG_WARN_OBJC_ROOT_CLASS = YES_ERROR;
				CLANG_WARN_QUOTED_INCLUDE_IN_FRAMEWORK_HEADER = YES;
				CLANG_WARN_RANGE_LOOP_ANALYSIS = YES;
				CLANG_WARN_STRICT_PROTOTYPES = YES;
				CLANG_WARN_SUSPICIOUS_MOVE = YES;
				CLANG_WARN_UNGUARDED_AVAILABILITY = YES_AGGRESSIVE;
				CLANG_WARN_UNREACHABLE_CODE = YES;
				CLANG_WARN__DUPLICATE_METHOD_MATCH = YES;
				COPY_PHASE_STRIP = NO;
				DEBUG_INFORMATION_FORMAT = "dwarf-with-dsym";
				ENABLE_NS_ASSERTIONS = NO;
				ENABLE_STRICT_OBJC_MSGSEND = YES;
				ENABLE_USER_SCRIPT_SANDBOXING = YES;
				GCC_C_LANGUAGE_STANDARD = gnu17;
				GCC_NO_COMMON_BLOCKS = YES;
				GCC_WARN_64_TO_32_BIT_CONVERSION = YES;
				GCC_WARN_ABOUT_RETURN_TYPE = YES_ERROR;
				GCC_WARN_UNDECLARED_SELECTOR = YES;
				GCC_WARN_UNINITIALIZED_AUTOS = YES_AGGRESSIVE;
				GCC_WARN_UNUSED_FUNCTION = YES;
				GCC_WARN_UNUSED_VARIABLE = YES;
				IPHONEOS_DEPLOYMENT_TARGET = 17.4;
				LOCALIZATION_PREFERS_STRING_CATALOGS = YES;
				MTL_ENABLE_DEBUG_INFO = NO;
				MTL_FAST_MATH = YES;
				SDKROOT = iphoneos;
				SWIFT_COMPILATION_MODE = wholemodule;
				VALIDATE_PRODUCT = YES;
			};
			name = Release;
		};
		676EFCCE2C824A9F00D3FFF7 /* Debug */ = {
			isa = XCBuildConfiguration;
			buildSettings = {
				ASSETCATALOG_COMPILER_APPICON_NAME = AppIcon;
				ASSETCATALOG_COMPILER_GLOBAL_ACCENT_COLOR_NAME = AccentColor;
				CODE_SIGN_STYLE = Automatic;
				CURRENT_PROJECT_VERSION = 1;
				DEVELOPMENT_ASSET_PATHS = "\"MapApp/Preview Content\"";
				DEVELOPMENT_TEAM = T725C25N3U;
				ENABLE_PREVIEWS = YES;
				GENERATE_INFOPLIST_FILE = YES;
				INFOPLIST_KEY_UIApplicationSceneManifest_Generation = YES;
				INFOPLIST_KEY_UIApplicationSupportsIndirectInputEvents = YES;
				INFOPLIST_KEY_UILaunchScreen_Generation = YES;
				INFOPLIST_KEY_UISupportedInterfaceOrientations_iPad = "UIInterfaceOrientationPortrait UIInterfaceOrientationPortraitUpsideDown UIInterfaceOrientationLandscapeLeft UIInterfaceOrientationLandscapeRight";
				INFOPLIST_KEY_UISupportedInterfaceOrientations_iPhone = "UIInterfaceOrientationPortrait UIInterfaceOrientationLandscapeLeft UIInterfaceOrientationLandscapeRight";
				IPHONEOS_DEPLOYMENT_TARGET = 18.0;
				LD_RUNPATH_SEARCH_PATHS = (
					"$(inherited)",
					"@executable_path/Frameworks",
				);
				MARKETING_VERSION = 1.0;
				PRODUCT_BUNDLE_IDENTIFIER = com.vishalx06.MapApp;
				PRODUCT_NAME = "$(TARGET_NAME)";
				SWIFT_EMIT_LOC_STRINGS = YES;
				SWIFT_VERSION = 5.0;
				TARGETED_DEVICE_FAMILY = "1,2";
			};
			name = Debug;
		};
		676EFCCF2C824A9F00D3FFF7 /* Release */ = {
			isa = XCBuildConfiguration;
			buildSettings = {
				ASSETCATALOG_COMPILER_APPICON_NAME = AppIcon;
				ASSETCATALOG_COMPILER_GLOBAL_ACCENT_COLOR_NAME = AccentColor;
				CODE_SIGN_STYLE = Automatic;
				CURRENT_PROJECT_VERSION = 1;
				DEVELOPMENT_ASSET_PATHS = "\"MapApp/Preview Content\"";
				DEVELOPMENT_TEAM = T725C25N3U;
				ENABLE_PREVIEWS = YES;
				GENERATE_INFOPLIST_FILE = YES;
				INFOPLIST_KEY_UIApplicationSceneManifest_Generation = YES;
				INFOPLIST_KEY_UIApplicationSupportsIndirectInputEvents = YES;
				INFOPLIST_KEY_UILaunchScreen_Generation = YES;
				INFOPLIST_KEY_UISupportedInterfaceOrientations_iPad = "UIInterfaceOrientationPortrait UIInterfaceOrientationPortraitUpsideDown UIInterfaceOrientationLandscapeLeft UIInterfaceOrientationLandscapeRight";
				INFOPLIST_KEY_UISupportedInterfaceOrientations_iPhone = "UIInterfaceOrientationPortrait UIInterfaceOrientationLandscapeLeft UIInterfaceOrientationLandscapeRight";
				IPHONEOS_DEPLOYMENT_TARGET = 18.0;
				LD_RUNPATH_SEARCH_PATHS = (
					"$(inherited)",
					"@executable_path/Frameworks",
				);
				MARKETING_VERSION = 1.0;
				PRODUCT_BUNDLE_IDENTIFIER = com.vishalx06.MapApp;
				PRODUCT_NAME = "$(TARGET_NAME)";
				SWIFT_EMIT_LOC_STRINGS = YES;
				SWIFT_VERSION = 5.0;
				TARGETED_DEVICE_FAMILY = "1,2";
			};
			name = Release;
		};
/* End XCBuildConfiguration section */

/* Begin XCConfigurationList section */
		676EFCBA2C824A9B00D3FFF7 /* Build configuration list for PBXProject "MapApp" */ = {
			isa = XCConfigurationList;
			buildConfigurations = (
				676EFCCB2C824A9F00D3FFF7 /* Debug */,
				676EFCCC2C824A9F00D3FFF7 /* Release */,
			);
			defaultConfigurationIsVisible = 0;
			defaultConfigurationName = Release;
		};
		676EFCCD2C824A9F00D3FFF7 /* Build configuration list for PBXNativeTarget "MapApp" */ = {
			isa = XCConfigurationList;
			buildConfigurations = (
				676EFCCE2C824A9F00D3FFF7 /* Debug */,
				676EFCCF2C824A9F00D3FFF7 /* Release */,
			);
			defaultConfigurationIsVisible = 0;
			defaultConfigurationName = Release;
		};
/* End XCConfigurationList section */
	};
	rootObject = 676EFCB72C824A9B00D3FFF7 /* Project object */;
}
